
Microsoft Visual Studio Solution File, Format Version 12.00
# Visual Studio Version 17
VisualStudioVersion = 17.3.32804.467
MinimumVisualStudioVersion = 10.0.40219.1
Project("{FAE04EC0-301F-11D3-BF4B-00C04F79EFBC}") = "ConsultaCnpj", "ConsultaCnpj\ConsultaCnpj.csproj", "{E9B2BBD5-7C0D-470C-B0BE-7AE64E0BC8DF}"
EndProject
Global
	GlobalSection(SolutionConfigurationPlatforms) = preSolution
		Debug|Any CPU = Debug|Any CPU
		Release|Any CPU = Release|Any CPU
	EndGlobalSection
	GlobalSection(ProjectConfigurationPlatforms) = postSolution
		{E9B2BBD5-7C0D-470C-B0BE-7AE64E0BC8DF}.Debug|Any CPU.ActiveCfg = Debug|Any CPU
		{E9B2BBD5-7C0D-470C-B0BE-7AE64E0BC8DF}.Debug|Any CPU.Build.0 = Debug|Any CPU
		{E9B2BBD5-7C0D-470C-B0BE-7AE64E0BC8DF}.Release|Any CPU.ActiveCfg = Release|Any CPU
		{E9B2BBD5-7C0D-470C-B0BE-7AE64E0BC8DF}.Release|Any CPU.Build.0 = Release|Any CPU
	EndGlobalSection
	GlobalSection(SolutionProperties) = preSolution
		HideSolutionNode = FALSE
	EndGlobalSection
	GlobalSection(ExtensibilityGlobals) = postSolution
		SolutionGuid = {8E5F0B64-79F0-4F53-B5F7-E8037A2A8EF2}
	EndGlobalSection
EndGlobal
